
Microsoft Visual Studio Solution File, Format Version 12.00
# Visual Studio Version 17
VisualStudioVersion = 17.0.32014.148
MinimumVisualStudioVersion = 10.0.40219.1
Project("{FAE04EC0-301F-11D3-BF4B-00C04F79EFBC}") = "RFMonitor", "RFMonitor\RFMonitor.csproj", "{D9203B64-1BA8-4E0D-96DA-98747FDA3163}"
EndProject
Project("{2150E333-8FDC-42A3-9474-1A3956D46DE8}") = "Solution Items", "Solution Items", "{0972653D-7F76-4562-9241-26654E14A3A7}"
EndProject
Global
	GlobalSection(SolutionConfigurationPlatforms) = preSolution
		Debug|Any CPU = Debug|Any CPU
		Release|Any CPU = Release|Any CPU
	EndGlobalSection
	GlobalSection(ProjectConfigurationPlatforms) = postSolution
		{D9203B64-1BA8-4E0D-96DA-98747FDA3163}.Debug|Any CPU.ActiveCfg = Debug|Any CPU
		{D9203B64-1BA8-4E0D-96DA-98747FDA3163}.Debug|Any CPU.Build.0 = Debug|Any CPU
		{D9203B64-1BA8-4E0D-96DA-98747FDA3163}.Release|Any CPU.ActiveCfg = Release|Any CPU
		{D9203B64-1BA8-4E0D-96DA-98747FDA3163}.Release|Any CPU.Build.0 = Release|Any CPU
	EndGlobalSection
	GlobalSection(SolutionProperties) = preSolution
		HideSolutionNode = FALSE
	EndGlobalSection
	GlobalSection(ExtensibilityGlobals) = postSolution
		SolutionGuid = {9314C7D9-1CE7-4841-94D1-972330F46BB5}
	EndGlobalSection
EndGlobal
